
Microsoft Visual Studio Solution File, Format Version 12.00
# Visual Studio Version 16
VisualStudioVersion = 16.0.31019.35
MinimumVisualStudioVersion = 10.0.40219.1
Project("{FAE04EC0-301F-11D3-BF4B-00C04F79EFBC}") = "Entities", "Entities\Entities.csproj", "{66D3CA3C-0BA9-4071-A797-BD26375533FF}"
EndProject
Project("{FAE04EC0-301F-11D3-BF4B-00C04F79EFBC}") = "DataAccess", "DataAccess\DataAccess.csproj", "{21D37B4E-2B61-467A-A29F-95624E5BA257}"
EndProject
Project("{FAE04EC0-301F-11D3-BF4B-00C04F79EFBC}") = "Business", "Business\Business.csproj", "{DB13D4C7-7E9B-4EF0-B563-1856FFF65E3C}"
EndProject
Project("{FAE04EC0-301F-11D3-BF4B-00C04F79EFBC}") = "ConsoleUI", "ConsoleUI\ConsoleUI.csproj", "{B4E41B1C-80DD-475F-B4ED-77B8B153908D}"
EndProject
Global
	GlobalSection(SolutionConfigurationPlatforms) = preSolution
		Debug|Any CPU = Debug|Any CPU
		Release|Any CPU = Release|Any CPU
	EndGlobalSection
	GlobalSection(ProjectConfigurationPlatforms) = postSolution
		{66D3CA3C-0BA9-4071-A797-BD26375533FF}.Debug|Any CPU.ActiveCfg = Debug|Any CPU
		{66D3CA3C-0BA9-4071-A797-BD26375533FF}.Debug|Any CPU.Build.0 = Debug|Any CPU
		{66D3CA3C-0BA9-4071-A797-BD26375533FF}.Release|Any CPU.ActiveCfg = Release|Any CPU
		{66D3CA3C-0BA9-4071-A797-BD26375533FF}.Release|Any CPU.Build.0 = Release|Any CPU
		{21D37B4E-2B61-467A-A29F-95624E5BA257}.Debug|Any CPU.ActiveCfg = Debug|Any CPU
		{21D37B4E-2B61-467A-A29F-95624E5BA257}.Debug|Any CPU.Build.0 = Debug|Any CPU
		{21D37B4E-2B61-467A-A29F-95624E5BA257}.Release|Any CPU.ActiveCfg = Release|Any CPU
		{21D37B4E-2B61-467A-A29F-95624E5BA257}.Release|Any CPU.Build.0 = Release|Any CPU
		{DB13D4C7-7E9B-4EF0-B563-1856FFF65E3C}.Debug|Any CPU.ActiveCfg = Debug|Any CPU
		{DB13D4C7-7E9B-4EF0-B563-1856FFF65E3C}.Debug|Any CPU.Build.0 = Debug|Any CPU
		{DB13D4C7-7E9B-4EF0-B563-1856FFF65E3C}.Release|Any CPU.ActiveCfg = Release|Any CPU
		{DB13D4C7-7E9B-4EF0-B563-1856FFF65E3C}.Release|Any CPU.Build.0 = Release|Any CPU
		{B4E41B1C-80DD-475F-B4ED-77B8B153908D}.Debug|Any CPU.ActiveCfg = Debug|Any CPU
		{B4E41B1C-80DD-475F-B4ED-77B8B153908D}.Debug|Any CPU.Build.0 = Debug|Any CPU
		{B4E41B1C-80DD-475F-B4ED-77B8B153908D}.Release|Any CPU.ActiveCfg = Release|Any CPU
		{B4E41B1C-80DD-475F-B4ED-77B8B153908D}.Release|Any CPU.Build.0 = Release|Any CPU
	EndGlobalSection
	GlobalSection(SolutionProperties) = preSolution
		HideSolutionNode = FALSE
	EndGlobalSection
	GlobalSection(ExtensibilityGlobals) = postSolution
		SolutionGuid = {C902E5C9-46C2-4648-B9F2-7187D07E78C1}
	EndGlobalSection
EndGlobal
